// !$*UTF8*$!
{
	archiveVersion = 1;
	classes = {
	};
	objectVersion = 70;
	objects = {

/* Begin PBXBuildFile section */
		580DEA072CB32F77006C2406 /* crmMobileApp.swift in Sources */ = {isa = PBXBuildFile; fileRef = 580DEA062CB32F77006C2406 /* crmMobileApp.swift */; };
		580DEA212CB4805F006C2406 /* ProgressRing.swift in Sources */ = {isa = PBXBuildFile; fileRef = 580DEA202CB4805F006C2406 /* ProgressRing.swift */; };
		580DEA232CB480DE006C2406 /* CustomerCard.swift in Sources */ = {isa = PBXBuildFile; fileRef = 580DEA222CB480DE006C2406 /* CustomerCard.swift */; };
		580DEA252CB48126006C2406 /* CustomersView.swift in Sources */ = {isa = PBXBuildFile; fileRef = 580DEA242CB48126006C2406 /* CustomersView.swift */; };
		580DEA272CB48149006C2406 /* Customers.swift in Sources */ = {isa = PBXBuildFile; fileRef = 580DEA262CB48149006C2406 /* Customers.swift */; };
		580DEA292CB488F9006C2406 /* ApiService.swift in Sources */ = {isa = PBXBuildFile; fileRef = 580DEA282CB488F9006C2406 /* ApiService.swift */; };
		580DEA342CB77903006C2406 /* TicketCard.swift in Sources */ = {isa = PBXBuildFile; fileRef = 580DEA332CB77903006C2406 /* TicketCard.swift */; };
		580DEA392CB78AE9006C2406 /* CreateTicketView.swift in Sources */ = {isa = PBXBuildFile; fileRef = 580DEA382CB78AE9006C2406 /* CreateTicketView.swift */; };
		581EBE972CD1E9A400EEE666 /* PartManager.swift in Sources */ = {isa = PBXBuildFile; fileRef = 581EBE962CD1E99C00EEE666 /* PartManager.swift */; };
		587DD0672CF91C46002191C6 /* ContentView.swift in Sources */ = {isa = PBXBuildFile; fileRef = 580DEA1E2CB47EAE006C2406 /* ContentView.swift */; };
		58DB4E352CC6E441003E9017 /* VehicleDetailView.swift in Sources */ = {isa = PBXBuildFile; fileRef = 58DB4E342CC6E441003E9017 /* VehicleDetailView.swift */; };
		58DB4E3D2CC99B91003E9017 /* TicketsView.swift in Sources */ = {isa = PBXBuildFile; fileRef = 58DB4E3C2CC99B8B003E9017 /* TicketsView.swift */; };
/* End PBXBuildFile section */

/* Begin PBXFileReference section */
		580DEA032CB32F77006C2406 /* crmMobile.app */ = {isa = PBXFileReference; explicitFileType = wrapper.application; includeInIndex = 0; path = crmMobile.app; sourceTree = BUILT_PRODUCTS_DIR; };
		580DEA062CB32F77006C2406 /* crmMobileApp.swift */ = {isa = PBXFileReference; lastKnownFileType = sourcecode.swift; path = crmMobileApp.swift; sourceTree = "<group>"; };
		580DEA1E2CB47EAE006C2406 /* ContentView.swift */ = {isa = PBXFileReference; lastKnownFileType = sourcecode.swift; path = ContentView.swift; sourceTree = "<group>"; };
		580DEA202CB4805F006C2406 /* ProgressRing.swift */ = {isa = PBXFileReference; lastKnownFileType = sourcecode.swift; path = ProgressRing.swift; sourceTree = "<group>"; };
		580DEA222CB480DE006C2406 /* CustomerCard.swift */ = {isa = PBXFileReference; lastKnownFileType = sourcecode.swift; path = CustomerCard.swift; sourceTree = "<group>"; };
		580DEA242CB48126006C2406 /* CustomersView.swift */ = {isa = PBXFileReference; lastKnownFileType = sourcecode.swift; path = CustomersView.swift; sourceTree = "<group>"; };
		580DEA262CB48149006C2406 /* Customers.swift */ = {isa = PBXFileReference; lastKnownFileType = sourcecode.swift; path = Customers.swift; sourceTree = "<group>"; };
		580DEA282CB488F9006C2406 /* ApiService.swift */ = {isa = PBXFileReference; lastKnownFileType = sourcecode.swift; path = ApiService.swift; sourceTree = "<group>"; };
		580DEA332CB77903006C2406 /* TicketCard.swift */ = {isa = PBXFileReference; lastKnownFileType = sourcecode.swift; path = TicketCard.swift; sourceTree = "<group>"; };
		580DEA382CB78AE9006C2406 /* CreateTicketView.swift */ = {isa = PBXFileReference; lastKnownFileType = sourcecode.swift; path = CreateTicketView.swift; sourceTree = "<group>"; };
		581EBE962CD1E99C00EEE666 /* PartManager.swift */ = {isa = PBXFileReference; lastKnownFileType = sourcecode.swift; path = PartManager.swift; sourceTree = "<group>"; };
		587DD0532CF8A500002191C6 /* Info.plist */ = {isa = PBXFileReference; lastKnownFileType = text.plist.xml; path = Info.plist; sourceTree = "<group>"; };
		587DD05C2CF8C241002191C6 /* Assets.xcassets */ = {isa = PBXFileReference; lastKnownFileType = folder.assetcatalog; path = Assets.xcassets; sourceTree = "<group>"; };
		58DB4E342CC6E441003E9017 /* VehicleDetailView.swift */ = {isa = PBXFileReference; lastKnownFileType = sourcecode.swift; path = VehicleDetailView.swift; sourceTree = "<group>"; };
		58DB4E3C2CC99B8B003E9017 /* TicketsView.swift */ = {isa = PBXFileReference; lastKnownFileType = sourcecode.swift; path = TicketsView.swift; sourceTree = "<group>"; };
/* End PBXFileReference section */

/* Begin PBXFileSystemSynchronizedRootGroup section */
		581EBEA02CE052D700EEE666 /* Components */ = {isa = PBXFileSystemSynchronizedRootGroup; explicitFileTypes = {}; explicitFolders = (); path = Components; sourceTree = "<group>"; };
/* End PBXFileSystemSynchronizedRootGroup section */

/* Begin PBXFrameworksBuildPhase section */
		580DEA002CB32F77006C2406 /* Frameworks */ = {
			isa = PBXFrameworksBuildPhase;
			buildActionMask = 2147483647;
			files = (
			);
			runOnlyForDeploymentPostprocessing = 0;
		};
/* End PBXFrameworksBuildPhase section */

/* Begin PBXGroup section */
		580DE9FA2CB32F77006C2406 = {
			isa = PBXGroup;
			children = (
				580DEA052CB32F77006C2406 /* crmMobile */,
				580DEA042CB32F77006C2406 /* Products */,
				587DD0532CF8A500002191C6 /* Info.plist */,
			);
			sourceTree = "<group>";
		};
		580DEA042CB32F77006C2406 /* Products */ = {
			isa = PBXGroup;
			children = (
				580DEA032CB32F77006C2406 /* crmMobile.app */,
			);
			name = Products;
			sourceTree = "<group>";
		};
		580DEA052CB32F77006C2406 /* crmMobile */ = {
			isa = PBXGroup;
			children = (
				58DB4E3A2CC99B6E003E9017 /* HomeTab */,
				580DEA0C2CB32F78006C2406 /* Preview Content */,
				580DEA062CB32F77006C2406 /* crmMobileApp.swift */,
				580DEA1E2CB47EAE006C2406 /* ContentView.swift */,
				580DEA322CB70088006C2406 /* CustomerTab */,
				580DEA372CB78AC0006C2406 /* TicketTab */,
				581EBEA02CE052D700EEE666 /* Components */,
				587DD05C2CF8C241002191C6 /* Assets.xcassets */,
			);
			path = crmMobile;
			sourceTree = "<group>";
		};
		580DEA0C2CB32F78006C2406 /* Preview Content */ = {
			isa = PBXGroup;
			children = (
			);
			path = "Preview Content";
			sourceTree = "<group>";
		};
		580DEA322CB70088006C2406 /* CustomerTab */ = {
			isa = PBXGroup;
			children = (
				580DEA282CB488F9006C2406 /* ApiService.swift */,
				580DEA242CB48126006C2406 /* CustomersView.swift */,
				580DEA222CB480DE006C2406 /* CustomerCard.swift */,
				580DEA262CB48149006C2406 /* Customers.swift */,
			);
			path = CustomerTab;
			sourceTree = "<group>";
		};
		580DEA372CB78AC0006C2406 /* TicketTab */ = {
			isa = PBXGroup;
			children = (
				581EBE962CD1E99C00EEE666 /* PartManager.swift */,
				58DB4E3C2CC99B8B003E9017 /* TicketsView.swift */,
				580DEA382CB78AE9006C2406 /* CreateTicketView.swift */,
				580DEA332CB77903006C2406 /* TicketCard.swift */,
				580DEA202CB4805F006C2406 /* ProgressRing.swift */,
				58DB4E342CC6E441003E9017 /* VehicleDetailView.swift */,
			);
			path = TicketTab;
			sourceTree = "<group>";
		};
		58DB4E3A2CC99B6E003E9017 /* HomeTab */ = {
			isa = PBXGroup;
			children = (
			);
			path = HomeTab;
			sourceTree = "<group>";
		};
/* End PBXGroup section */

/* Begin PBXNativeTarget section */
		580DEA022CB32F77006C2406 /* crmMobile */ = {
			isa = PBXNativeTarget;
			buildConfigurationList = 580DEA112CB32F78006C2406 /* Build configuration list for PBXNativeTarget "crmMobile" */;
			buildPhases = (
				580DE9FF2CB32F77006C2406 /* Sources */,
				580DEA002CB32F77006C2406 /* Frameworks */,
				580DEA012CB32F77006C2406 /* Resources */,
			);
			buildRules = (
			);
			dependencies = (
			);
			fileSystemSynchronizedGroups = (
				581EBEA02CE052D700EEE666 /* Components */,
			);
			name = crmMobile;
			productName = crmMobile;
			productReference = 580DEA032CB32F77006C2406 /* crmMobile.app */;
			productType = "com.apple.product-type.application";
		};
/* End PBXNativeTarget section */

/* Begin PBXProject section */
		580DE9FB2CB32F77006C2406 /* Project object */ = {
			isa = PBXProject;
			attributes = {
				BuildIndependentTargetsInParallel = 1;
				LastSwiftUpdateCheck = 1540;
				LastUpgradeCheck = 1540;
				TargetAttributes = {
					580DEA022CB32F77006C2406 = {
						CreatedOnToolsVersion = 15.4;
					};
				};
			};
			buildConfigurationList = 580DE9FE2CB32F77006C2406 /* Build configuration list for PBXProject "crmMobile" */;
			compatibilityVersion = "Xcode 14.0";
			developmentRegion = en;
			hasScannedForEncodings = 0;
			knownRegions = (
				en,
				Base,
			);
			mainGroup = 580DE9FA2CB32F77006C2406;
			productRefGroup = 580DEA042CB32F77006C2406 /* Products */;
			projectDirPath = "";
			projectRoot = "";
			targets = (
				580DEA022CB32F77006C2406 /* crmMobile */,
			);
		};
/* End PBXProject section */

/* Begin PBXResourcesBuildPhase section */
		580DEA012CB32F77006C2406 /* Resources */ = {
			isa = PBXResourcesBuildPhase;
			buildActionMask = 2147483647;
			files = (
			);
			runOnlyForDeploymentPostprocessing = 0;
		};
/* End PBXResourcesBuildPhase section */

/* Begin PBXSourcesBuildPhase section */
		580DE9FF2CB32F77006C2406 /* Sources */ = {
			isa = PBXSourcesBuildPhase;
			buildActionMask = 2147483647;
			files = (
				580DEA342CB77903006C2406 /* TicketCard.swift in Sources */,
				58DB4E352CC6E441003E9017 /* VehicleDetailView.swift in Sources */,
				580DEA232CB480DE006C2406 /* CustomerCard.swift in Sources */,
				580DEA252CB48126006C2406 /* CustomersView.swift in Sources */,
				580DEA272CB48149006C2406 /* Customers.swift in Sources */,
				580DEA072CB32F77006C2406 /* crmMobileApp.swift in Sources */,
				580DEA292CB488F9006C2406 /* ApiService.swift in Sources */,
				587DD0672CF91C46002191C6 /* ContentView.swift in Sources */,
				58DB4E3D2CC99B91003E9017 /* TicketsView.swift in Sources */,
				580DEA392CB78AE9006C2406 /* CreateTicketView.swift in Sources */,
				581EBE972CD1E9A400EEE666 /* PartManager.swift in Sources */,
				580DEA212CB4805F006C2406 /* ProgressRing.swift in Sources */,
			);
			runOnlyForDeploymentPostprocessing = 0;
		};
/* End PBXSourcesBuildPhase section */

/* Begin XCBuildConfiguration section */
		580DEA0F2CB32F78006C2406 /* Debug */ = {
			isa = XCBuildConfiguration;
			buildSettings = {
				ALWAYS_SEARCH_USER_PATHS = NO;
				ASSETCATALOG_COMPILER_GENERATE_SWIFT_ASSET_SYMBOL_EXTENSIONS = YES;
				CLANG_ANALYZER_NONNULL = YES;
				CLANG_ANALYZER_NUMBER_OBJECT_CONVERSION = YES_AGGRESSIVE;
				CLANG_CXX_LANGUAGE_STANDARD = "gnu++20";
				CLANG_ENABLE_MODULES = YES;
				CLANG_ENABLE_OBJC_ARC = YES;
				CLANG_ENABLE_OBJC_WEAK = YES;
				CLANG_WARN_BLOCK_CAPTURE_AUTORELEASING = YES;
				CLANG_WARN_BOOL_CONVERSION = YES;
				CLANG_WARN_COMMA = YES;
				CLANG_WARN_CONSTANT_CONVERSION = YES;
				CLANG_WARN_DEPRECATED_OBJC_IMPLEMENTATIONS = YES;
				CLANG_WARN_DIRECT_OBJC_ISA_USAGE = YES_ERROR;
				CLANG_WARN_DOCUMENTATION_COMMENTS = YES;
				CLANG_WARN_EMPTY_BODY = YES;
				CLANG_WARN_ENUM_CONVERSION = YES;
				CLANG_WARN_INFINITE_RECURSION = YES;
				CLANG_WARN_INT_CONVERSION = YES;
				CLANG_WARN_NON_LITERAL_NULL_CONVERSION = YES;
				CLANG_WARN_OBJC_IMPLICIT_RETAIN_SELF = YES;
				CLANG_WARN_OBJC_LITERAL_CONVERSION = YES;
				CLANG_WARN_OBJC_ROOT_CLASS = YES_ERROR;
				CLANG_WARN_QUOTED_INCLUDE_IN_FRAMEWORK_HEADER = YES;
				CLANG_WARN_RANGE_LOOP_ANALYSIS = YES;
				CLANG_WARN_STRICT_PROTOTYPES = YES;
				CLANG_WARN_SUSPICIOUS_MOVE = YES;
				CLANG_WARN_UNGUARDED_AVAILABILITY = YES_AGGRESSIVE;
				CLANG_WARN_UNREACHABLE_CODE = YES;
				CLANG_WARN__DUPLICATE_METHOD_MATCH = YES;
				COPY_PHASE_STRIP = NO;
				DEBUG_INFORMATION_FORMAT = dwarf;
				ENABLE_STRICT_OBJC_MSGSEND = YES;
				ENABLE_TESTABILITY = YES;
				ENABLE_USER_SCRIPT_SANDBOXING = YES;
				GCC_C_LANGUAGE_STANDARD = gnu17;
				GCC_DYNAMIC_NO_PIC = NO;
				GCC_NO_COMMON_BLOCKS = YES;
				GCC_OPTIMIZATION_LEVEL = 0;
				GCC_PREPROCESSOR_DEFINITIONS = (
					"DEBUG=1",
					"$(inherited)",
				);
				GCC_WARN_64_TO_32_BIT_CONVERSION = YES;
				GCC_WARN_ABOUT_RETURN_TYPE = YES_ERROR;
				GCC_WARN_UNDECLARED_SELECTOR = YES;
				GCC_WARN_UNINITIALIZED_AUTOS = YES_AGGRESSIVE;
				GCC_WARN_UNUSED_FUNCTION = YES;
				GCC_WARN_UNUSED_VARIABLE = YES;
				IPHONEOS_DEPLOYMENT_TARGET = 17.5;
				LOCALIZATION_PREFERS_STRING_CATALOGS = YES;
				MTL_ENABLE_DEBUG_INFO = INCLUDE_SOURCE;
				MTL_FAST_MATH = YES;
				ONLY_ACTIVE_ARCH = YES;
				SDKROOT = iphoneos;
				SWIFT_ACTIVE_COMPILATION_CONDITIONS = "DEBUG $(inherited)";
				SWIFT_OPTIMIZATION_LEVEL = "-Onone";
			};
			name = Debug;
		};
		580DEA102CB32F78006C2406 /* Release */ = {
			isa = XCBuildConfiguration;
			buildSettings = {
				ALWAYS_SEARCH_USER_PATHS = NO;
				ASSETCATALOG_COMPILER_GENERATE_SWIFT_ASSET_SYMBOL_EXTENSIONS = YES;
				CLANG_ANALYZER_NONNULL = YES;
				CLANG_ANALYZER_NUMBER_OBJECT_CONVERSION = YES_AGGRESSIVE;
				CLANG_CXX_LANGUAGE_STANDARD = "gnu++20";
				CLANG_ENABLE_MODULES = YES;
				CLANG_ENABLE_OBJC_ARC = YES;
				CLANG_ENABLE_OBJC_WEAK = YES;
				CLANG_WARN_BLOCK_CAPTURE_AUTORELEASING = YES;
				CLANG_WARN_BOOL_CONVERSION = YES;
				CLANG_WARN_COMMA = YES;
				CLANG_WARN_CONSTANT_CONVERSION = YES;
				CLANG_WARN_DEPRECATED_OBJC_IMPLEMENTATIONS = YES;
				CLANG_WARN_DIRECT_OBJC_ISA_USAGE = YES_ERROR;
				CLANG_WARN_DOCUMENTATION_COMMENTS = YES;
				CLANG_WARN_EMPTY_BODY = YES;
				CLANG_WARN_ENUM_CONVERSION = YES;
				CLANG_WARN_INFINITE_RECURSION = YES;
				CLANG_WARN_INT_CONVERSION = YES;
				CLANG_WARN_NON_LITERAL_NULL_CONVERSION = YES;
				CLANG_WARN_OBJC_IMPLICIT_RETAIN_SELF = YES;
				CLANG_WARN_OBJC_LITERAL_CONVERSION = YES;
				CLANG_WARN_OBJC_ROOT_CLASS = YES_ERROR;
				CLANG_WARN_QUOTED_INCLUDE_IN_FRAMEWORK_HEADER = YES;
				CLANG_WARN_RANGE_LOOP_ANALYSIS = YES;
				CLANG_WARN_STRICT_PROTOTYPES = YES;
				CLANG_WARN_SUSPICIOUS_MOVE = YES;
				CLANG_WARN_UNGUARDED_AVAILABILITY = YES_AGGRESSIVE;
				CLANG_WARN_UNREACHABLE_CODE = YES;
				CLANG_WARN__DUPLICATE_METHOD_MATCH = YES;
				COPY_PHASE_STRIP = NO;
				DEBUG_INFORMATION_FORMAT = "dwarf-with-dsym";
				ENABLE_NS_ASSERTIONS = NO;
				ENABLE_STRICT_OBJC_MSGSEND = YES;
				ENABLE_USER_SCRIPT_SANDBOXING = YES;
				GCC_C_LANGUAGE_STANDARD = gnu17;
				GCC_NO_COMMON_BLOCKS = YES;
				GCC_WARN_64_TO_32_BIT_CONVERSION = YES;
				GCC_WARN_ABOUT_RETURN_TYPE = YES_ERROR;
				GCC_WARN_UNDECLARED_SELECTOR = YES;
				GCC_WARN_UNINITIALIZED_AUTOS = YES_AGGRESSIVE;
				GCC_WARN_UNUSED_FUNCTION = YES;
				GCC_WARN_UNUSED_VARIABLE = YES;
				IPHONEOS_DEPLOYMENT_TARGET = 17.5;
				LOCALIZATION_PREFERS_STRING_CATALOGS = YES;
				MTL_ENABLE_DEBUG_INFO = NO;
				MTL_FAST_MATH = YES;
				SDKROOT = iphoneos;
				SWIFT_COMPILATION_MODE = wholemodule;
				VALIDATE_PRODUCT = YES;
			};
			name = Release;
		};
		580DEA122CB32F78006C2406 /* Debug */ = {
			isa = XCBuildConfiguration;
			buildSettings = {
				ASSETCATALOG_COMPILER_APPICON_NAME = AppIcon;
				ASSETCATALOG_COMPILER_GLOBAL_ACCENT_COLOR_NAME = AccentColor;
				ASSETCATALOG_COMPILER_INCLUDE_ALL_APPICON_ASSETS = YES;
				CODE_SIGN_IDENTITY = "Apple Development";
				CODE_SIGN_STYLE = Automatic;
				CURRENT_PROJECT_VERSION = 1;
				DEVELOPMENT_ASSET_PATHS = "\"crmMobile/Preview Content\"";
				DEVELOPMENT_TEAM = 56V846M897;
				ENABLE_PREVIEWS = YES;
				GENERATE_INFOPLIST_FILE = YES;
				INFOPLIST_KEY_CFBundleDisplayName = Bandera;
				INFOPLIST_KEY_UIApplicationSceneManifest_Generation = YES;
				INFOPLIST_KEY_UIApplicationSupportsIndirectInputEvents = YES;
				INFOPLIST_KEY_UILaunchScreen_Generation = YES;
				INFOPLIST_KEY_UISupportedInterfaceOrientations_iPad = "UIInterfaceOrientationPortrait UIInterfaceOrientationPortraitUpsideDown UIInterfaceOrientationLandscapeLeft UIInterfaceOrientationLandscapeRight";
				INFOPLIST_KEY_UISupportedInterfaceOrientations_iPhone = "UIInterfaceOrientationPortrait UIInterfaceOrientationLandscapeLeft UIInterfaceOrientationLandscapeRight";
				IPHONEOS_DEPLOYMENT_TARGET = 17.5;
				LD_RUNPATH_SEARCH_PATHS = (
					"$(inherited)",
					"@executable_path/Frameworks",
				);
				MARKETING_VERSION = 1.0;
				PRODUCT_BUNDLE_IDENTIFIER = com.trust.crmMobile;
				PRODUCT_NAME = "$(TARGET_NAME)";
				PROVISIONING_PROFILE_SPECIFIER = "";
				SWIFT_EMIT_LOC_STRINGS = YES;
				SWIFT_VERSION = 5.0;
				TARGETED_DEVICE_FAMILY = "1,2";
			};
			name = Debug;
		};
		580DEA132CB32F78006C2406 /* Release */ = {
			isa = XCBuildConfiguration;
			buildSettings = {
				ASSETCATALOG_COMPILER_APPICON_NAME = AppIcon;
				ASSETCATALOG_COMPILER_GLOBAL_ACCENT_COLOR_NAME = AccentColor;
				ASSETCATALOG_COMPILER_INCLUDE_ALL_APPICON_ASSETS = YES;
				CODE_SIGN_IDENTITY = "Apple Development";
				CODE_SIGN_STYLE = Automatic;
				CURRENT_PROJECT_VERSION = 1;
				DEVELOPMENT_ASSET_PATHS = "\"crmMobile/Preview Content\"";
				DEVELOPMENT_TEAM = 56V846M897;
				ENABLE_PREVIEWS = YES;
				GENERATE_INFOPLIST_FILE = YES;
				INFOPLIST_KEY_CFBundleDisplayName = Bandera;
				INFOPLIST_KEY_UIApplicationSceneManifest_Generation = YES;
				INFOPLIST_KEY_UIApplicationSupportsIndirectInputEvents = YES;
				INFOPLIST_KEY_UILaunchScreen_Generation = YES;
				INFOPLIST_KEY_UISupportedInterfaceOrientations_iPad = "UIInterfaceOrientationPortrait UIInterfaceOrientationPortraitUpsideDown UIInterfaceOrientationLandscapeLeft UIInterfaceOrientationLandscapeRight";
				INFOPLIST_KEY_UISupportedInterfaceOrientations_iPhone = "UIInterfaceOrientationPortrait UIInterfaceOrientationLandscapeLeft UIInterfaceOrientationLandscapeRight";
				IPHONEOS_DEPLOYMENT_TARGET = 17.5;
				LD_RUNPATH_SEARCH_PATHS = (
					"$(inherited)",
					"@executable_path/Frameworks",
				);
				MARKETING_VERSION = 1.0;
				PRODUCT_BUNDLE_IDENTIFIER = com.trust.crmMobile;
				PRODUCT_NAME = "$(TARGET_NAME)";
				PROVISIONING_PROFILE_SPECIFIER = "";
				SWIFT_EMIT_LOC_STRINGS = YES;
				SWIFT_VERSION = 5.0;
				TARGETED_DEVICE_FAMILY = "1,2";
			};
			name = Release;
		};
/* End XCBuildConfiguration section */

/* Begin XCConfigurationList section */
		580DE9FE2CB32F77006C2406 /* Build configuration list for PBXProject "crmMobile" */ = {
			isa = XCConfigurationList;
			buildConfigurations = (
				580DEA0F2CB32F78006C2406 /* Debug */,
				580DEA102CB32F78006C2406 /* Release */,
			);
			defaultConfigurationIsVisible = 0;
			defaultConfigurationName = Release;
		};
		580DEA112CB32F78006C2406 /* Build configuration list for PBXNativeTarget "crmMobile" */ = {
			isa = XCConfigurationList;
			buildConfigurations = (
				580DEA122CB32F78006C2406 /* Debug */,
				580DEA132CB32F78006C2406 /* Release */,
			);
			defaultConfigurationIsVisible = 0;
			defaultConfigurationName = Release;
		};
/* End XCConfigurationList section */
	};
	rootObject = 580DE9FB2CB32F77006C2406 /* Project object */;
}
